
Microsoft Visual Studio Solution File, Format Version 12.00
# Visual Studio Version 16
VisualStudioVersion = 16.0.30621.155
MinimumVisualStudioVersion = 10.0.40219.1
Project("{FAE04EC0-301F-11D3-BF4B-00C04F79EFBC}") = "DatabaseProject", "DatabaseProject\DatabaseProject.csproj", "{9B0A5BF9-51BF-4513-9D22-CF0AB2FC4DA4}"
EndProject
Project("{FAE04EC0-301F-11D3-BF4B-00C04F79EFBC}") = "Data", "Data\Data.csproj", "{FBC51E08-BA38-4F4D-AF89-7B1E749ACC2F}"
EndProject
Project("{FAE04EC0-301F-11D3-BF4B-00C04F79EFBC}") = "WebBusiness", "WebBusiness\WebBusiness.csproj", "{D75D26B1-5185-43E9-B871-9AE6D0BACF20}"
EndProject
Global
	GlobalSection(SolutionConfigurationPlatforms) = preSolution
		Debug|Any CPU = Debug|Any CPU
		Release|Any CPU = Release|Any CPU
	EndGlobalSection
	GlobalSection(ProjectConfigurationPlatforms) = postSolution
		{9B0A5BF9-51BF-4513-9D22-CF0AB2FC4DA4}.Debug|Any CPU.ActiveCfg = Debug|Any CPU
		{9B0A5BF9-51BF-4513-9D22-CF0AB2FC4DA4}.Debug|Any CPU.Build.0 = Debug|Any CPU
		{9B0A5BF9-51BF-4513-9D22-CF0AB2FC4DA4}.Release|Any CPU.ActiveCfg = Release|Any CPU
		{9B0A5BF9-51BF-4513-9D22-CF0AB2FC4DA4}.Release|Any CPU.Build.0 = Release|Any CPU
		{FBC51E08-BA38-4F4D-AF89-7B1E749ACC2F}.Debug|Any CPU.ActiveCfg = Debug|Any CPU
		{FBC51E08-BA38-4F4D-AF89-7B1E749ACC2F}.Debug|Any CPU.Build.0 = Debug|Any CPU
		{FBC51E08-BA38-4F4D-AF89-7B1E749ACC2F}.Release|Any CPU.ActiveCfg = Release|Any CPU
		{FBC51E08-BA38-4F4D-AF89-7B1E749ACC2F}.Release|Any CPU.Build.0 = Release|Any CPU
		{D75D26B1-5185-43E9-B871-9AE6D0BACF20}.Debug|Any CPU.ActiveCfg = Debug|Any CPU
		{D75D26B1-5185-43E9-B871-9AE6D0BACF20}.Debug|Any CPU.Build.0 = Debug|Any CPU
		{D75D26B1-5185-43E9-B871-9AE6D0BACF20}.Release|Any CPU.ActiveCfg = Release|Any CPU
		{D75D26B1-5185-43E9-B871-9AE6D0BACF20}.Release|Any CPU.Build.0 = Release|Any CPU
	EndGlobalSection
	GlobalSection(SolutionProperties) = preSolution
		HideSolutionNode = FALSE
	EndGlobalSection
	GlobalSection(ExtensibilityGlobals) = postSolution
		SolutionGuid = {B5534324-747D-4C23-9F32-04354450D0B7}
	EndGlobalSection
EndGlobal
